schema: '2.0'
stages:
  train:
    cmd: python train.py
    deps:
    - path: get_data.py
      md5: eb1168e4ad997fa7f5fbd19525a5b056
      size: 126
    - path: train.py
      md5: e9e50a16e5038645cb7282f4d22f3a89
      size: 1380
    outs:
    - path: metrics.json
      md5: 1ad484b5b08e4ed56554ad6eb39a322e
      size: 82
    - path: model-summary.txt
      md5: 8e5a9166799f052c6dca9947616e77f4
      size: 818
    - path: results.png
      md5: 922f68ca9abd82306f8f98398715c1b6
      size: 27851
  get_data:
    cmd: python get_data.py
    deps:
    - path: get_data.py
      md5: eb1168e4ad997fa7f5fbd19525a5b056
      size: 126
