schema: '2.0'
stages:
  train:
    cmd: python train.py
    deps:
    - path: get_data.py
      md5: eb1168e4ad997fa7f5fbd19525a5b056
      size: 126
    - path: train.py
      md5: 5e3d83ec9348f67b7cb0c50bf18a7150
      size: 2049
    outs:
    - path: metrics.json
      md5: 95b0814dcd1dfbea08b0f48ddceadf77
      size: 82
    - path: model-summary.txt
      md5: 0c0d377d1baab137c19033dcde788613
      size: 1874
    - path: results.png
      md5: 50640ec4f89034294e06839fb7672e33
      size: 27994
  get_data:
    cmd: python get_data.py
    deps:
    - path: get_data.py
      md5: eb1168e4ad997fa7f5fbd19525a5b056
      size: 126
